
Microsoft Visual Studio Solution File, Format Version 11.00
# Visual Studio 2010
Project("{FAE04EC0-301F-11D3-BF4B-00C04F79EFBC}") = "MyTube", "MyTube\MyTube.csproj", "{44AA4F2F-554F-4989-BF71-C1C0B991DE4E}"
EndProject
Project("{54435603-DBB4-11D2-8724-00A0C9A8B90C}") = "MyTubeInstaller", "MyTubeInstaller\MyTubeInstaller.vdproj", "{036BF78F-8BF2-4C4E-B820-ED389F9D07BF}"
EndProject
Global
	GlobalSection(SubversionScc) = preSolution
		Svn-Managed = True
		Manager = AnkhSVN - Subversion Support for Visual Studio
	EndGlobalSection
	GlobalSection(SolutionConfigurationPlatforms) = preSolution
		Debug|x86 = Debug|x86
		Release|x86 = Release|x86
	EndGlobalSection
	GlobalSection(ProjectConfigurationPlatforms) = postSolution
		{44AA4F2F-554F-4989-BF71-C1C0B991DE4E}.Debug|x86.ActiveCfg = Debug|x86
		{44AA4F2F-554F-4989-BF71-C1C0B991DE4E}.Debug|x86.Build.0 = Debug|x86
		{44AA4F2F-554F-4989-BF71-C1C0B991DE4E}.Release|x86.ActiveCfg = Release|x86
		{44AA4F2F-554F-4989-BF71-C1C0B991DE4E}.Release|x86.Build.0 = Release|x86
		{036BF78F-8BF2-4C4E-B820-ED389F9D07BF}.Debug|x86.ActiveCfg = Debug
		{036BF78F-8BF2-4C4E-B820-ED389F9D07BF}.Release|x86.ActiveCfg = Release
	EndGlobalSection
	GlobalSection(SolutionProperties) = preSolution
		HideSolutionNode = FALSE
	EndGlobalSection
EndGlobal
